
Microsoft Visual Studio Solution File, Format Version 12.00
# Visual Studio Version 17
VisualStudioVersion = 17.3.32922.545
MinimumVisualStudioVersion = 10.0.40219.1
Project("{FAE04EC0-301F-11D3-BF4B-00C04F79EFBC}") = "BankTransactions", "BankTransactions.csproj", "{ED397C15-9116-41A1-9FC4-39BE39D6B4E9}"
EndProject
Project("{2150E333-8FDC-42A3-9474-1A3956D46DE8}") = "Solution Items", "Solution Items", "{CD952C30-87FD-49F8-B00D-9F63E6FF413F}"
	ProjectSection(SolutionItems) = preProject
		.editorconfig = .editorconfig
	EndProjectSection
EndProject
Global
	GlobalSection(SolutionConfigurationPlatforms) = preSolution
		Debug|Any CPU = Debug|Any CPU
		Release|Any CPU = Release|Any CPU
	EndGlobalSection
	GlobalSection(ProjectConfigurationPlatforms) = postSolution
		{ED397C15-9116-41A1-9FC4-39BE39D6B4E9}.Debug|Any CPU.ActiveCfg = Debug|Any CPU
		{ED397C15-9116-41A1-9FC4-39BE39D6B4E9}.Debug|Any CPU.Build.0 = Debug|Any CPU
		{ED397C15-9116-41A1-9FC4-39BE39D6B4E9}.Release|Any CPU.ActiveCfg = Release|Any CPU
		{ED397C15-9116-41A1-9FC4-39BE39D6B4E9}.Release|Any CPU.Build.0 = Release|Any CPU
	EndGlobalSection
	GlobalSection(SolutionProperties) = preSolution
		HideSolutionNode = FALSE
	EndGlobalSection
	GlobalSection(ExtensibilityGlobals) = postSolution
		SolutionGuid = {F0E7A643-BEDF-40E3-869E-A7476C01D1EA}
	EndGlobalSection
EndGlobal
